
Microsoft Visual Studio Solution File, Format Version 12.00
# Visual Studio Version 17
VisualStudioVersion = 17.4.33213.308
MinimumVisualStudioVersion = 10.0.40219.1
Project("{FAE04EC0-301F-11D3-BF4B-00C04F79EFBC}") = "WorkingHour", "WorkingHour\WorkingHour.csproj", "{912EDF93-B24D-41FF-B1F3-F42790B30E90}"
EndProject
Project("{FAE04EC0-301F-11D3-BF4B-00C04F79EFBC}") = "WorkingHourNUnitTest", "WorkingHourNUnitTest\WorkingHourNUnitTest.csproj", "{DC7F48D6-0E88-4EE8-99EC-AB892CA19C64}"
EndProject
Project("{FAE04EC0-301F-11D3-BF4B-00C04F79EFBC}") = "WorkingHourClassLibrary", "WorkingHourClassLibrary\WorkingHourClassLibrary.csproj", "{8A07FB97-F6DA-44B4-A8AD-34BE040CCAFF}"
EndProject
Global
	GlobalSection(SolutionConfigurationPlatforms) = preSolution
		Debug|Any CPU = Debug|Any CPU
		Release|Any CPU = Release|Any CPU
	EndGlobalSection
	GlobalSection(ProjectConfigurationPlatforms) = postSolution
		{912EDF93-B24D-41FF-B1F3-F42790B30E90}.Debug|Any CPU.ActiveCfg = Debug|Any CPU
		{912EDF93-B24D-41FF-B1F3-F42790B30E90}.Debug|Any CPU.Build.0 = Debug|Any CPU
		{912EDF93-B24D-41FF-B1F3-F42790B30E90}.Release|Any CPU.ActiveCfg = Release|Any CPU
		{912EDF93-B24D-41FF-B1F3-F42790B30E90}.Release|Any CPU.Build.0 = Release|Any CPU
		{DC7F48D6-0E88-4EE8-99EC-AB892CA19C64}.Debug|Any CPU.ActiveCfg = Debug|Any CPU
		{DC7F48D6-0E88-4EE8-99EC-AB892CA19C64}.Debug|Any CPU.Build.0 = Debug|Any CPU
		{DC7F48D6-0E88-4EE8-99EC-AB892CA19C64}.Release|Any CPU.ActiveCfg = Release|Any CPU
		{DC7F48D6-0E88-4EE8-99EC-AB892CA19C64}.Release|Any CPU.Build.0 = Release|Any CPU
		{8A07FB97-F6DA-44B4-A8AD-34BE040CCAFF}.Debug|Any CPU.ActiveCfg = Debug|Any CPU
		{8A07FB97-F6DA-44B4-A8AD-34BE040CCAFF}.Debug|Any CPU.Build.0 = Debug|Any CPU
		{8A07FB97-F6DA-44B4-A8AD-34BE040CCAFF}.Release|Any CPU.ActiveCfg = Release|Any CPU
		{8A07FB97-F6DA-44B4-A8AD-34BE040CCAFF}.Release|Any CPU.Build.0 = Release|Any CPU
	EndGlobalSection
	GlobalSection(SolutionProperties) = preSolution
		HideSolutionNode = FALSE
	EndGlobalSection
	GlobalSection(ExtensibilityGlobals) = postSolution
		SolutionGuid = {66B3EC74-A199-4D98-A44E-D55D8738987C}
	EndGlobalSection
EndGlobal
